
Microsoft Visual Studio Solution File, Format Version 12.00
# Visual Studio Version 17
VisualStudioVersion = 17.14.36429.23
MinimumVisualStudioVersion = 10.0.40219.1
Project("{FAE04EC0-301F-11D3-BF4B-00C04F79EFBC}") = "ERP_Models", "ERP_Models\ERP_Models.csproj", "{0CA6F8A0-2205-41B7-B7D5-7B92FBC73F80}"
EndProject
Project("{FAE04EC0-301F-11D3-BF4B-00C04F79EFBC}") = "ERP_AuthService", "ERP_AuthService\ERP_AuthService.csproj", "{11F35644-10EC-49D9-A817-21F5B5BFCF48}"
EndProject
Project("{FAE04EC0-301F-11D3-BF4B-00C04F79EFBC}") = "ERP_ApiGateway", "ERP_ApiGateway\ERP_ApiGateway.csproj", "{6542E9C7-2D3C-4CAE-803A-9E2FDDCC9C71}"
EndProject
Project("{FAE04EC0-301F-11D3-BF4B-00C04F79EFBC}") = "ERP_Organization", "ERP_Organization\ERP_Organization.csproj", "{0EC20B86-DA82-4F86-8715-4617212325F9}"
EndProject
Project("{FAE04EC0-301F-11D3-BF4B-00C04F79EFBC}") = "ERP_Attendance", "ERP_Attendance\ERP_Attendance.csproj", "{8E4DCBA5-6F6A-463D-94BB-5885BE10E660}"
EndProject
Project("{FAE04EC0-301F-11D3-BF4B-00C04F79EFBC}") = "ERP_Cache", "ERP_Cache\ERP_Cache.csproj", "{9C3B9829-50F5-4A4B-8978-FA62C8EA6188}"
EndProject
Project("{FAE04EC0-301F-11D3-BF4B-00C04F79EFBC}") = "ERP_Background", "ERP_Background\ERP_Background.csproj", "{73AD878E-30C6-4F3E-82E6-CF6DDC0C2905}"
EndProject
Project("{FAE04EC0-301F-11D3-BF4B-00C04F79EFBC}") = "ERP_Clients", "ERP_Clients\ERP_Clients.csproj", "{4E06625E-BBA0-4DD3-8648-F37DD081B524}"
EndProject
Global
	GlobalSection(SolutionConfigurationPlatforms) = preSolution
		Debug|Any CPU = Debug|Any CPU
		Release|Any CPU = Release|Any CPU
	EndGlobalSection
	GlobalSection(ProjectConfigurationPlatforms) = postSolution
		{0CA6F8A0-2205-41B7-B7D5-7B92FBC73F80}.Debug|Any CPU.ActiveCfg = Debug|Any CPU
		{0CA6F8A0-2205-41B7-B7D5-7B92FBC73F80}.Debug|Any CPU.Build.0 = Debug|Any CPU
		{0CA6F8A0-2205-41B7-B7D5-7B92FBC73F80}.Release|Any CPU.ActiveCfg = Release|Any CPU
		{0CA6F8A0-2205-41B7-B7D5-7B92FBC73F80}.Release|Any CPU.Build.0 = Release|Any CPU
		{11F35644-10EC-49D9-A817-21F5B5BFCF48}.Debug|Any CPU.ActiveCfg = Debug|Any CPU
		{11F35644-10EC-49D9-A817-21F5B5BFCF48}.Debug|Any CPU.Build.0 = Debug|Any CPU
		{11F35644-10EC-49D9-A817-21F5B5BFCF48}.Release|Any CPU.ActiveCfg = Release|Any CPU
		{11F35644-10EC-49D9-A817-21F5B5BFCF48}.Release|Any CPU.Build.0 = Release|Any CPU
		{6542E9C7-2D3C-4CAE-803A-9E2FDDCC9C71}.Debug|Any CPU.ActiveCfg = Debug|Any CPU
		{6542E9C7-2D3C-4CAE-803A-9E2FDDCC9C71}.Debug|Any CPU.Build.0 = Debug|Any CPU
		{6542E9C7-2D3C-4CAE-803A-9E2FDDCC9C71}.Release|Any CPU.ActiveCfg = Release|Any CPU
		{6542E9C7-2D3C-4CAE-803A-9E2FDDCC9C71}.Release|Any CPU.Build.0 = Release|Any CPU
		{0EC20B86-DA82-4F86-8715-4617212325F9}.Debug|Any CPU.ActiveCfg = Debug|Any CPU
		{0EC20B86-DA82-4F86-8715-4617212325F9}.Debug|Any CPU.Build.0 = Debug|Any CPU
		{0EC20B86-DA82-4F86-8715-4617212325F9}.Release|Any CPU.ActiveCfg = Release|Any CPU
		{0EC20B86-DA82-4F86-8715-4617212325F9}.Release|Any CPU.Build.0 = Release|Any CPU
		{8E4DCBA5-6F6A-463D-94BB-5885BE10E660}.Debug|Any CPU.ActiveCfg = Debug|Any CPU
		{8E4DCBA5-6F6A-463D-94BB-5885BE10E660}.Debug|Any CPU.Build.0 = Debug|Any CPU
		{8E4DCBA5-6F6A-463D-94BB-5885BE10E660}.Release|Any CPU.ActiveCfg = Release|Any CPU
		{8E4DCBA5-6F6A-463D-94BB-5885BE10E660}.Release|Any CPU.Build.0 = Release|Any CPU
		{9C3B9829-50F5-4A4B-8978-FA62C8EA6188}.Debug|Any CPU.ActiveCfg = Debug|Any CPU
		{9C3B9829-50F5-4A4B-8978-FA62C8EA6188}.Debug|Any CPU.Build.0 = Debug|Any CPU
		{9C3B9829-50F5-4A4B-8978-FA62C8EA6188}.Release|Any CPU.ActiveCfg = Release|Any CPU
		{9C3B9829-50F5-4A4B-8978-FA62C8EA6188}.Release|Any CPU.Build.0 = Release|Any CPU
		{73AD878E-30C6-4F3E-82E6-CF6DDC0C2905}.Debug|Any CPU.ActiveCfg = Debug|Any CPU
		{73AD878E-30C6-4F3E-82E6-CF6DDC0C2905}.Debug|Any CPU.Build.0 = Debug|Any CPU
		{73AD878E-30C6-4F3E-82E6-CF6DDC0C2905}.Release|Any CPU.ActiveCfg = Release|Any CPU
		{73AD878E-30C6-4F3E-82E6-CF6DDC0C2905}.Release|Any CPU.Build.0 = Release|Any CPU
		{4E06625E-BBA0-4DD3-8648-F37DD081B524}.Debug|Any CPU.ActiveCfg = Debug|Any CPU
		{4E06625E-BBA0-4DD3-8648-F37DD081B524}.Debug|Any CPU.Build.0 = Debug|Any CPU
		{4E06625E-BBA0-4DD3-8648-F37DD081B524}.Release|Any CPU.ActiveCfg = Release|Any CPU
		{4E06625E-BBA0-4DD3-8648-F37DD081B524}.Release|Any CPU.Build.0 = Release|Any CPU
	EndGlobalSection
	GlobalSection(SolutionProperties) = preSolution
		HideSolutionNode = FALSE
	EndGlobalSection
	GlobalSection(ExtensibilityGlobals) = postSolution
		SolutionGuid = {4347E375-5677-4AD6-AF6E-E0277774322D}
	EndGlobalSection
EndGlobal
